
Microsoft Visual Studio Solution File, Format Version 12.00
# Visual Studio Version 17
VisualStudioVersion = 17.14.36310.24 d17.14
MinimumVisualStudioVersion = 10.0.40219.1
Project("{FAE04EC0-301F-11D3-BF4B-00C04F79EFBC}") = "Activity 22", "Activity 22\Activity 22.csproj", "{940834D4-F62D-482E-9981-78E116A7F384}"
EndProject
Global
	GlobalSection(SolutionConfigurationPlatforms) = preSolution
		Debug|Any CPU = Debug|Any CPU
		Release|Any CPU = Release|Any CPU
	EndGlobalSection
	GlobalSection(ProjectConfigurationPlatforms) = postSolution
		{940834D4-F62D-482E-9981-78E116A7F384}.Debug|Any CPU.ActiveCfg = Debug|Any CPU
		{940834D4-F62D-482E-9981-78E116A7F384}.Debug|Any CPU.Build.0 = Debug|Any CPU
		{940834D4-F62D-482E-9981-78E116A7F384}.Release|Any CPU.ActiveCfg = Release|Any CPU
		{940834D4-F62D-482E-9981-78E116A7F384}.Release|Any CPU.Build.0 = Release|Any CPU
	EndGlobalSection
	GlobalSection(SolutionProperties) = preSolution
		HideSolutionNode = FALSE
	EndGlobalSection
	GlobalSection(ExtensibilityGlobals) = postSolution
		SolutionGuid = {FD682607-BA33-495C-981E-1B122EC619F3}
	EndGlobalSection
EndGlobal
