
Microsoft Visual Studio Solution File, Format Version 12.00
# Visual Studio Version 17
VisualStudioVersion = 17.14.36310.24 d17.14
MinimumVisualStudioVersion = 10.0.40219.1
Project("{FAE04EC0-301F-11D3-BF4B-00C04F79EFBC}") = "Activity 29", "Activity 29\Activity 29.csproj", "{55472CBB-C114-47EA-852E-3A5C10E0E18E}"
EndProject
Global
	GlobalSection(SolutionConfigurationPlatforms) = preSolution
		Debug|Any CPU = Debug|Any CPU
		Release|Any CPU = Release|Any CPU
	EndGlobalSection
	GlobalSection(ProjectConfigurationPlatforms) = postSolution
		{55472CBB-C114-47EA-852E-3A5C10E0E18E}.Debug|Any CPU.ActiveCfg = Debug|Any CPU
		{55472CBB-C114-47EA-852E-3A5C10E0E18E}.Debug|Any CPU.Build.0 = Debug|Any CPU
		{55472CBB-C114-47EA-852E-3A5C10E0E18E}.Release|Any CPU.ActiveCfg = Release|Any CPU
		{55472CBB-C114-47EA-852E-3A5C10E0E18E}.Release|Any CPU.Build.0 = Release|Any CPU
	EndGlobalSection
	GlobalSection(SolutionProperties) = preSolution
		HideSolutionNode = FALSE
	EndGlobalSection
	GlobalSection(ExtensibilityGlobals) = postSolution
		SolutionGuid = {76BC6E7B-DD3D-4F9F-B86E-C37EDC6FA996}
	EndGlobalSection
EndGlobal
