
Microsoft Visual Studio Solution File, Format Version 12.00
# Visual Studio Version 17
VisualStudioVersion = 17.14.36310.24 d17.14
MinimumVisualStudioVersion = 10.0.40219.1
Project("{FAE04EC0-301F-11D3-BF4B-00C04F79EFBC}") = "Activity 13", "Activity 13\Activity 13.csproj", "{90FEBAA0-46FA-4CB2-BDA8-BE1E40D2B1CB}"
EndProject
Global
	GlobalSection(SolutionConfigurationPlatforms) = preSolution
		Debug|Any CPU = Debug|Any CPU
		Release|Any CPU = Release|Any CPU
	EndGlobalSection
	GlobalSection(ProjectConfigurationPlatforms) = postSolution
		{90FEBAA0-46FA-4CB2-BDA8-BE1E40D2B1CB}.Debug|Any CPU.ActiveCfg = Debug|Any CPU
		{90FEBAA0-46FA-4CB2-BDA8-BE1E40D2B1CB}.Debug|Any CPU.Build.0 = Debug|Any CPU
		{90FEBAA0-46FA-4CB2-BDA8-BE1E40D2B1CB}.Release|Any CPU.ActiveCfg = Release|Any CPU
		{90FEBAA0-46FA-4CB2-BDA8-BE1E40D2B1CB}.Release|Any CPU.Build.0 = Release|Any CPU
	EndGlobalSection
	GlobalSection(SolutionProperties) = preSolution
		HideSolutionNode = FALSE
	EndGlobalSection
	GlobalSection(ExtensibilityGlobals) = postSolution
		SolutionGuid = {5CB181DB-02F4-4BB8-8B46-6C24025CE17F}
	EndGlobalSection
EndGlobal
